
Microsoft Visual Studio Solution File, Format Version 12.00
# Visual Studio Version 17
VisualStudioVersion = 17.5.2.0
MinimumVisualStudioVersion = 10.0.40219.1
Project("{FAE04EC0-301F-11D3-BF4B-00C04F79EFBC}") = "Customer_Support_Chatbot.API", "Customer_Support_Chatbot.API.csproj", "{EFF78943-A104-E4F8-E2F2-C2CDBBCDC8B1}"
EndProject
Project("{FAE04EC0-301F-11D3-BF4B-00C04F79EFBC}") = "MigrationApp", "..\..\Day_39\MigrationApp\MigrationApp.csproj", "{7565B604-DE3A-48A9-A0AB-2463A557A17F}"
EndProject
Global
	GlobalSection(SolutionConfigurationPlatforms) = preSolution
		Debug|Any CPU = Debug|Any CPU
		Debug|x64 = Debug|x64
		Debug|x86 = Debug|x86
		Release|Any CPU = Release|Any CPU
		Release|x64 = Release|x64
		Release|x86 = Release|x86
	EndGlobalSection
	GlobalSection(ProjectConfigurationPlatforms) = postSolution
		{EFF78943-A104-E4F8-E2F2-C2CDBBCDC8B1}.Debug|Any CPU.ActiveCfg = Debug|Any CPU
		{EFF78943-A104-E4F8-E2F2-C2CDBBCDC8B1}.Debug|Any CPU.Build.0 = Debug|Any CPU
		{EFF78943-A104-E4F8-E2F2-C2CDBBCDC8B1}.Debug|x64.ActiveCfg = Debug|Any CPU
		{EFF78943-A104-E4F8-E2F2-C2CDBBCDC8B1}.Debug|x64.Build.0 = Debug|Any CPU
		{EFF78943-A104-E4F8-E2F2-C2CDBBCDC8B1}.Debug|x86.ActiveCfg = Debug|Any CPU
		{EFF78943-A104-E4F8-E2F2-C2CDBBCDC8B1}.Debug|x86.Build.0 = Debug|Any CPU
		{EFF78943-A104-E4F8-E2F2-C2CDBBCDC8B1}.Release|Any CPU.ActiveCfg = Release|Any CPU
		{EFF78943-A104-E4F8-E2F2-C2CDBBCDC8B1}.Release|Any CPU.Build.0 = Release|Any CPU
		{EFF78943-A104-E4F8-E2F2-C2CDBBCDC8B1}.Release|x64.ActiveCfg = Release|Any CPU
		{EFF78943-A104-E4F8-E2F2-C2CDBBCDC8B1}.Release|x64.Build.0 = Release|Any CPU
		{EFF78943-A104-E4F8-E2F2-C2CDBBCDC8B1}.Release|x86.ActiveCfg = Release|Any CPU
		{EFF78943-A104-E4F8-E2F2-C2CDBBCDC8B1}.Release|x86.Build.0 = Release|Any CPU
		{7565B604-DE3A-48A9-A0AB-2463A557A17F}.Debug|Any CPU.ActiveCfg = Debug|Any CPU
		{7565B604-DE3A-48A9-A0AB-2463A557A17F}.Debug|Any CPU.Build.0 = Debug|Any CPU
		{7565B604-DE3A-48A9-A0AB-2463A557A17F}.Debug|x64.ActiveCfg = Debug|Any CPU
		{7565B604-DE3A-48A9-A0AB-2463A557A17F}.Debug|x64.Build.0 = Debug|Any CPU
		{7565B604-DE3A-48A9-A0AB-2463A557A17F}.Debug|x86.ActiveCfg = Debug|Any CPU
		{7565B604-DE3A-48A9-A0AB-2463A557A17F}.Debug|x86.Build.0 = Debug|Any CPU
		{7565B604-DE3A-48A9-A0AB-2463A557A17F}.Release|Any CPU.ActiveCfg = Release|Any CPU
		{7565B604-DE3A-48A9-A0AB-2463A557A17F}.Release|Any CPU.Build.0 = Release|Any CPU
		{7565B604-DE3A-48A9-A0AB-2463A557A17F}.Release|x64.ActiveCfg = Release|Any CPU
		{7565B604-DE3A-48A9-A0AB-2463A557A17F}.Release|x64.Build.0 = Release|Any CPU
		{7565B604-DE3A-48A9-A0AB-2463A557A17F}.Release|x86.ActiveCfg = Release|Any CPU
		{7565B604-DE3A-48A9-A0AB-2463A557A17F}.Release|x86.Build.0 = Release|Any CPU
	EndGlobalSection
	GlobalSection(SolutionProperties) = preSolution
		HideSolutionNode = FALSE
	EndGlobalSection
	GlobalSection(ExtensibilityGlobals) = postSolution
		SolutionGuid = {7C09FD37-EF50-4B47-8483-5ABBD56B1F18}
	EndGlobalSection
EndGlobal
