Microsoft Visual Studio Solution File, Format Version 12.00
# Visual Studio Version 17
VisualStudioVersion = 17.5.2.0
MinimumVisualStudioVersion = 10.0.40219.1
Project("{FAE04EC0-301F-11D3-BF4B-00C04F79EFBC}") = "MigrationApp", "MigrationApp.csproj", "{589C1546-DD33-D2BE-4C4D-69E738862F23}"
EndProject
Global
	GlobalSection(SolutionConfigurationPlatforms) = preSolution
		Debug|Any CPU = Debug|Any CPU
		Release|Any CPU = Release|Any CPU
	EndGlobalSection
	GlobalSection(ProjectConfigurationPlatforms) = postSolution
		{589C1546-DD33-D2BE-4C4D-69E738862F23}.Debug|Any CPU.ActiveCfg = Debug|Any CPU
		{589C1546-DD33-D2BE-4C4D-69E738862F23}.Debug|Any CPU.Build.0 = Debug|Any CPU
		{589C1546-DD33-D2BE-4C4D-69E738862F23}.Release|Any CPU.ActiveCfg = Release|Any CPU
		{589C1546-DD33-D2BE-4C4D-69E738862F23}.Release|Any CPU.Build.0 = Release|Any CPU
	EndGlobalSection
	GlobalSection(SolutionProperties) = preSolution
		HideSolutionNode = FALSE
	EndGlobalSection
	GlobalSection(ExtensibilityGlobals) = postSolution
		SolutionGuid = {3F381C63-AFC8-4741-A74B-0DE8918FD769}
	EndGlobalSection
EndGlobal
